
Microsoft Visual Studio Solution File, Format Version 12.00
# Visual Studio Version 17
VisualStudioVersion = 17.8.34330.188
MinimumVisualStudioVersion = 10.0.40219.1
Project("{8BC9CEB8-8B4A-11D0-8D11-00A0C91BC942}") = "1The-Gallows-Game1", "1The-Gallows-Game1.vcxproj", "{D0A9AAF9-335B-4A76-9C34-04FE5CB859D6}"
EndProject
Global
	GlobalSection(SolutionConfigurationPlatforms) = preSolution
		Debug|x64 = Debug|x64
		Debug|x86 = Debug|x86
		Release|x64 = Release|x64
		Release|x86 = Release|x86
	EndGlobalSection
	GlobalSection(ProjectConfigurationPlatforms) = postSolution
		{D0A9AAF9-335B-4A76-9C34-04FE5CB859D6}.Debug|x64.ActiveCfg = Debug|x64
		{D0A9AAF9-335B-4A76-9C34-04FE5CB859D6}.Debug|x64.Build.0 = Debug|x64
		{D0A9AAF9-335B-4A76-9C34-04FE5CB859D6}.Debug|x86.ActiveCfg = Debug|Win32
		{D0A9AAF9-335B-4A76-9C34-04FE5CB859D6}.Debug|x86.Build.0 = Debug|Win32
		{D0A9AAF9-335B-4A76-9C34-04FE5CB859D6}.Release|x64.ActiveCfg = Release|x64
		{D0A9AAF9-335B-4A76-9C34-04FE5CB859D6}.Release|x64.Build.0 = Release|x64
		{D0A9AAF9-335B-4A76-9C34-04FE5CB859D6}.Release|x86.ActiveCfg = Release|Win32
		{D0A9AAF9-335B-4A76-9C34-04FE5CB859D6}.Release|x86.Build.0 = Release|Win32
	EndGlobalSection
	GlobalSection(SolutionProperties) = preSolution
		HideSolutionNode = FALSE
	EndGlobalSection
	GlobalSection(ExtensibilityGlobals) = postSolution
		SolutionGuid = {344F9378-F475-49DF-9EBF-47D79D9E76AD}
	EndGlobalSection
EndGlobal
